
Microsoft Visual Studio Solution File, Format Version 12.00
# Visual Studio Version 17
VisualStudioVersion = 17.3.32929.385
MinimumVisualStudioVersion = 10.0.40219.1
Project("{FAE04EC0-301F-11D3-BF4B-00C04F79EFBC}") = "ARTICLE", "ARTICLE\ARTICLE.csproj", "{CE730E65-8CBB-43DE-AE05-30D1E2FA8247}"
EndProject
Global
	GlobalSection(SolutionConfigurationPlatforms) = preSolution
		Debug|Any CPU = Debug|Any CPU
		Release|Any CPU = Release|Any CPU
	EndGlobalSection
	GlobalSection(ProjectConfigurationPlatforms) = postSolution
		{CE730E65-8CBB-43DE-AE05-30D1E2FA8247}.Debug|Any CPU.ActiveCfg = Debug|Any CPU
		{CE730E65-8CBB-43DE-AE05-30D1E2FA8247}.Debug|Any CPU.Build.0 = Debug|Any CPU
		{CE730E65-8CBB-43DE-AE05-30D1E2FA8247}.Release|Any CPU.ActiveCfg = Release|Any CPU
		{CE730E65-8CBB-43DE-AE05-30D1E2FA8247}.Release|Any CPU.Build.0 = Release|Any CPU
	EndGlobalSection
	GlobalSection(SolutionProperties) = preSolution
		HideSolutionNode = FALSE
	EndGlobalSection
	GlobalSection(ExtensibilityGlobals) = postSolution
		SolutionGuid = {8C488AAC-A99B-4348-A0AD-740F76653B15}
	EndGlobalSection
EndGlobal
